
Microsoft Visual Studio Solution File, Format Version 12.00
# Visual Studio Version 16
VisualStudioVersion = 16.0.30114.105
MinimumVisualStudioVersion = 10.0.40219.1
Project("{FAE04EC0-301F-11D3-BF4B-00C04F79EFBC}") = "API", "API\API.csproj", "{E64C8516-E5BB-416C-9BCF-A2EE79CCA81A}"
EndProject
Project("{FAE04EC0-301F-11D3-BF4B-00C04F79EFBC}") = "Infrastructure", "Infrastructure\Infrastructure.csproj", "{88E3AD95-5412-41C5-8B99-D5A0746FCA5F}"
EndProject
Project("{FAE04EC0-301F-11D3-BF4B-00C04F79EFBC}") = "Core", "Core\Core.csproj", "{5BE91BF7-8750-4D14-A34C-8BA68D92252F}"
EndProject
Global
	GlobalSection(SolutionConfigurationPlatforms) = preSolution
		Debug|Any CPU = Debug|Any CPU
		Debug|x64 = Debug|x64
		Debug|x86 = Debug|x86
		Release|Any CPU = Release|Any CPU
		Release|x64 = Release|x64
		Release|x86 = Release|x86
	EndGlobalSection
	GlobalSection(SolutionProperties) = preSolution
		HideSolutionNode = FALSE
	EndGlobalSection
	GlobalSection(ProjectConfigurationPlatforms) = postSolution
		{E64C8516-E5BB-416C-9BCF-A2EE79CCA81A}.Debug|Any CPU.ActiveCfg = Debug|Any CPU
		{E64C8516-E5BB-416C-9BCF-A2EE79CCA81A}.Debug|Any CPU.Build.0 = Debug|Any CPU
		{E64C8516-E5BB-416C-9BCF-A2EE79CCA81A}.Debug|x64.ActiveCfg = Debug|Any CPU
		{E64C8516-E5BB-416C-9BCF-A2EE79CCA81A}.Debug|x64.Build.0 = Debug|Any CPU
		{E64C8516-E5BB-416C-9BCF-A2EE79CCA81A}.Debug|x86.ActiveCfg = Debug|Any CPU
		{E64C8516-E5BB-416C-9BCF-A2EE79CCA81A}.Debug|x86.Build.0 = Debug|Any CPU
		{E64C8516-E5BB-416C-9BCF-A2EE79CCA81A}.Release|Any CPU.ActiveCfg = Release|Any CPU
		{E64C8516-E5BB-416C-9BCF-A2EE79CCA81A}.Release|Any CPU.Build.0 = Release|Any CPU
		{E64C8516-E5BB-416C-9BCF-A2EE79CCA81A}.Release|x64.ActiveCfg = Release|Any CPU
		{E64C8516-E5BB-416C-9BCF-A2EE79CCA81A}.Release|x64.Build.0 = Release|Any CPU
		{E64C8516-E5BB-416C-9BCF-A2EE79CCA81A}.Release|x86.ActiveCfg = Release|Any CPU
		{E64C8516-E5BB-416C-9BCF-A2EE79CCA81A}.Release|x86.Build.0 = Release|Any CPU
		{88E3AD95-5412-41C5-8B99-D5A0746FCA5F}.Debug|Any CPU.ActiveCfg = Debug|Any CPU
		{88E3AD95-5412-41C5-8B99-D5A0746FCA5F}.Debug|Any CPU.Build.0 = Debug|Any CPU
		{88E3AD95-5412-41C5-8B99-D5A0746FCA5F}.Debug|x64.ActiveCfg = Debug|Any CPU
		{88E3AD95-5412-41C5-8B99-D5A0746FCA5F}.Debug|x64.Build.0 = Debug|Any CPU
		{88E3AD95-5412-41C5-8B99-D5A0746FCA5F}.Debug|x86.ActiveCfg = Debug|Any CPU
		{88E3AD95-5412-41C5-8B99-D5A0746FCA5F}.Debug|x86.Build.0 = Debug|Any CPU
		{88E3AD95-5412-41C5-8B99-D5A0746FCA5F}.Release|Any CPU.ActiveCfg = Release|Any CPU
		{88E3AD95-5412-41C5-8B99-D5A0746FCA5F}.Release|Any CPU.Build.0 = Release|Any CPU
		{88E3AD95-5412-41C5-8B99-D5A0746FCA5F}.Release|x64.ActiveCfg = Release|Any CPU
		{88E3AD95-5412-41C5-8B99-D5A0746FCA5F}.Release|x64.Build.0 = Release|Any CPU
		{88E3AD95-5412-41C5-8B99-D5A0746FCA5F}.Release|x86.ActiveCfg = Release|Any CPU
		{88E3AD95-5412-41C5-8B99-D5A0746FCA5F}.Release|x86.Build.0 = Release|Any CPU
		{5BE91BF7-8750-4D14-A34C-8BA68D92252F}.Debug|Any CPU.ActiveCfg = Debug|Any CPU
		{5BE91BF7-8750-4D14-A34C-8BA68D92252F}.Debug|Any CPU.Build.0 = Debug|Any CPU
		{5BE91BF7-8750-4D14-A34C-8BA68D92252F}.Debug|x64.ActiveCfg = Debug|Any CPU
		{5BE91BF7-8750-4D14-A34C-8BA68D92252F}.Debug|x64.Build.0 = Debug|Any CPU
		{5BE91BF7-8750-4D14-A34C-8BA68D92252F}.Debug|x86.ActiveCfg = Debug|Any CPU
		{5BE91BF7-8750-4D14-A34C-8BA68D92252F}.Debug|x86.Build.0 = Debug|Any CPU
		{5BE91BF7-8750-4D14-A34C-8BA68D92252F}.Release|Any CPU.ActiveCfg = Release|Any CPU
		{5BE91BF7-8750-4D14-A34C-8BA68D92252F}.Release|Any CPU.Build.0 = Release|Any CPU
		{5BE91BF7-8750-4D14-A34C-8BA68D92252F}.Release|x64.ActiveCfg = Release|Any CPU
		{5BE91BF7-8750-4D14-A34C-8BA68D92252F}.Release|x64.Build.0 = Release|Any CPU
		{5BE91BF7-8750-4D14-A34C-8BA68D92252F}.Release|x86.ActiveCfg = Release|Any CPU
		{5BE91BF7-8750-4D14-A34C-8BA68D92252F}.Release|x86.Build.0 = Release|Any CPU
	EndGlobalSection
EndGlobal
